{
  "name": "windlass-fixture-workspace-root",
  "version": "1.0.0",
  "lockfileVersion": 3,
  "requires": true,
  "packages": {
    "": {
      "name": "windlass-fixture-workspace-root",
      "version": "1.0.0",
      "license": "Apache-2.0",
      "workspaces": [
        "packages/*"
      ]
    },
    "packages/selected": {
      "name": "@windlass-fixtures/workspace-selected",
      "version": "1.0.0",
      "license": "Apache-2.0"
    }
  }
}
